
Microsoft Visual Studio Solution File, Format Version 12.00
# Visual Studio Version 17
VisualStudioVersion = 17.5.33424.131
MinimumVisualStudioVersion = 10.0.40219.1
Project("{FAE04EC0-301F-11D3-BF4B-00C04F79EFBC}") = "BlogDataLibrary", "BlogDataLibrary\BlogDataLibrary.csproj", "{18CA6093-F61E-47EB-A836-BD6EBBE71807}"
EndProject
Project("{00D1A9C2-B5F0-4AF3-8072-F6C62B433612}") = "GaddiBlogDB", "GaddiBlogDB\GaddiBlogDB.sqlproj", "{8218E1F4-7611-4D65-8E84-F36E98650961}"
EndProject
Project("{FAE04EC0-301F-11D3-BF4B-00C04F79EFBC}") = "BlogTestUI", "BlogTestUI\BlogTestUI.csproj", "{B97CF572-17EA-471E-8F51-0C797B481035}"
EndProject
Global
	GlobalSection(SolutionConfigurationPlatforms) = preSolution
		Debug|Any CPU = Debug|Any CPU
		Release|Any CPU = Release|Any CPU
	EndGlobalSection
	GlobalSection(ProjectConfigurationPlatforms) = postSolution
		{18CA6093-F61E-47EB-A836-BD6EBBE71807}.Debug|Any CPU.ActiveCfg = Debug|Any CPU
		{18CA6093-F61E-47EB-A836-BD6EBBE71807}.Debug|Any CPU.Build.0 = Debug|Any CPU
		{18CA6093-F61E-47EB-A836-BD6EBBE71807}.Release|Any CPU.ActiveCfg = Release|Any CPU
		{18CA6093-F61E-47EB-A836-BD6EBBE71807}.Release|Any CPU.Build.0 = Release|Any CPU
		{8218E1F4-7611-4D65-8E84-F36E98650961}.Debug|Any CPU.ActiveCfg = Debug|Any CPU
		{8218E1F4-7611-4D65-8E84-F36E98650961}.Debug|Any CPU.Build.0 = Debug|Any CPU
		{8218E1F4-7611-4D65-8E84-F36E98650961}.Debug|Any CPU.Deploy.0 = Debug|Any CPU
		{8218E1F4-7611-4D65-8E84-F36E98650961}.Release|Any CPU.ActiveCfg = Release|Any CPU
		{8218E1F4-7611-4D65-8E84-F36E98650961}.Release|Any CPU.Build.0 = Release|Any CPU
		{8218E1F4-7611-4D65-8E84-F36E98650961}.Release|Any CPU.Deploy.0 = Release|Any CPU
		{B97CF572-17EA-471E-8F51-0C797B481035}.Debug|Any CPU.ActiveCfg = Debug|Any CPU
		{B97CF572-17EA-471E-8F51-0C797B481035}.Debug|Any CPU.Build.0 = Debug|Any CPU
		{B97CF572-17EA-471E-8F51-0C797B481035}.Release|Any CPU.ActiveCfg = Release|Any CPU
		{B97CF572-17EA-471E-8F51-0C797B481035}.Release|Any CPU.Build.0 = Release|Any CPU
	EndGlobalSection
	GlobalSection(SolutionProperties) = preSolution
		HideSolutionNode = FALSE
	EndGlobalSection
	GlobalSection(ExtensibilityGlobals) = postSolution
		SolutionGuid = {CA768A58-86DD-4E29-BFCD-D69B12C993F7}
	EndGlobalSection
EndGlobal
